// !$*UTF8*$!
{
	archiveVersion = 1;
	classes = {
	};
	objectVersion = 52;
	objects = {

/* Begin PBXBuildFile section */
		791AC9BE24DAA4FD00CAB87C /* TagView.swift in Sources */ = {isa = PBXBuildFile; fileRef = 791AC9BD24DAA4FD00CAB87C /* TagView.swift */; };
		791AC9C124DAB60900CAB87C /* SnippetManager.swift in Sources */ = {isa = PBXBuildFile; fileRef = 791AC9C024DAB60900CAB87C /* SnippetManager.swift */; };
		791AC9C324DABF2500CAB87C /* StorageManager.swift in Sources */ = {isa = PBXBuildFile; fileRef = 791AC9C224DABF2500CAB87C /* StorageManager.swift */; };
		791AC9C524DAE45D00CAB87C /* DeferView.swift in Sources */ = {isa = PBXBuildFile; fileRef = 791AC9C424DAE45D00CAB87C /* DeferView.swift */; };
		791AC9C724DB059A00CAB87C /* SnipItemView.swift in Sources */ = {isa = PBXBuildFile; fileRef = 791AC9C624DB059A00CAB87C /* SnipItemView.swift */; };
		791AC9CB24DC450D00CAB87C /* Preview.swift in Sources */ = {isa = PBXBuildFile; fileRef = 791AC9CA24DC450D00CAB87C /* Preview.swift */; };
		791AC9CE24DCA06200CAB87C /* SnipItemHelper.swift in Sources */ = {isa = PBXBuildFile; fileRef = 791AC9CD24DCA06200CAB87C /* SnipItemHelper.swift */; };
		791B8D7624E28EF800851E2A /* AppState.swift in Sources */ = {isa = PBXBuildFile; fileRef = 791B8D7524E28EF800851E2A /* AppState.swift */; };
		791B8D7824E2C6C200851E2A /* SharePicker.swift in Sources */ = {isa = PBXBuildFile; fileRef = 791B8D7724E2C6C200851E2A /* SharePicker.swift */; };
		7936F88F24D450B900F09AE7 /* SnipItemsList.swift in Sources */ = {isa = PBXBuildFile; fileRef = 7936F88E24D450B900F09AE7 /* SnipItemsList.swift */; };
		7936F89324D6377D00F09AE7 /* List.swift in Sources */ = {isa = PBXBuildFile; fileRef = 7936F89224D6377D00F09AE7 /* List.swift */; };
		7936F89624D637D800F09AE7 /* Introspect in Frameworks */ = {isa = PBXBuildFile; productRef = 7936F89524D637D800F09AE7 /* Introspect */; };
		7936F89A24D845B600F09AE7 /* SnipItemsListAction.swift in Sources */ = {isa = PBXBuildFile; fileRef = 7936F89924D845B600F09AE7 /* SnipItemsListAction.swift */; };
		7936F89F24DA02DD00F09AE7 /* TextField.swift in Sources */ = {isa = PBXBuildFile; fileRef = 7936F89E24DA02DD00F09AE7 /* TextField.swift */; };
		794D27CE24F672E4006E3B3D /* SnipTests.swift in Sources */ = {isa = PBXBuildFile; fileRef = 794D27CD24F672E4006E3B3D /* SnipTests.swift */; };
		794D27D924F68FF2006E3B3D /* Down in Frameworks */ = {isa = PBXBuildFile; productRef = 794D27D824F68FF2006E3B3D /* Down */; };
		794D27DB24F6A19C006E3B3D /* Data.swift in Sources */ = {isa = PBXBuildFile; fileRef = 794D27DA24F6A19C006E3B3D /* Data.swift */; };
		794D27DE24F6A39B006E3B3D /* md.css in Resources */ = {isa = PBXBuildFile; fileRef = 794D27DD24F6A39B006E3B3D /* md.css */; };
		796B092524D1B4A3006904C4 /* SnipItem.swift in Sources */ = {isa = PBXBuildFile; fileRef = 796B092424D1B4A3006904C4 /* SnipItem.swift */; };
		796B092924D1B563006904C4 /* Settings.swift in Sources */ = {isa = PBXBuildFile; fileRef = 796B092824D1B563006904C4 /* Settings.swift */; };
		796B093124D1B8F5006904C4 /* CodeMirrorView.bundle in Resources */ = {isa = PBXBuildFile; fileRef = 796B092F24D1B8F5006904C4 /* CodeMirrorView.bundle */; };
		796B093524D1B95B006904C4 /* Color.swift in Sources */ = {isa = PBXBuildFile; fileRef = 796B093424D1B95B006904C4 /* Color.swift */; };
		796B093724D1BA1F006904C4 /* Date.swift in Sources */ = {isa = PBXBuildFile; fileRef = 796B093624D1BA1F006904C4 /* Date.swift */; };
		797B92EC24FCDE2900071669 /* Colors.xcassets in Resources */ = {isa = PBXBuildFile; fileRef = 797B92EB24FCDE2900071669 /* Colors.xcassets */; };
		79956A4224E5463300B823E1 /* API.swift in Sources */ = {isa = PBXBuildFile; fileRef = 79956A4124E5463300B823E1 /* API.swift */; };
		79956A4424E5772200B823E1 /* Endpoint.swift in Sources */ = {isa = PBXBuildFile; fileRef = 79956A4324E5772200B823E1 /* Endpoint.swift */; };
		79956A4724E57AC700B823E1 /* Dictionary.swift in Sources */ = {isa = PBXBuildFile; fileRef = 79956A4624E57AC700B823E1 /* Dictionary.swift */; };
		79956A4924E57AD900B823E1 /* CharacterSet.swift in Sources */ = {isa = PBXBuildFile; fileRef = 79956A4824E57AD900B823E1 /* CharacterSet.swift */; };
		79956A4B24E58A0900B823E1 /* SyncManager.swift in Sources */ = {isa = PBXBuildFile; fileRef = 79956A4A24E58A0900B823E1 /* SyncManager.swift */; };
		79956A4E24E5A4A200B823E1 /* OAuth.swift in Sources */ = {isa = PBXBuildFile; fileRef = 79956A4D24E5A4A200B823E1 /* OAuth.swift */; };
		79956A5024E5BC2300B823E1 /* URL.swift in Sources */ = {isa = PBXBuildFile; fileRef = 79956A4F24E5BC2300B823E1 /* URL.swift */; };
		79956A5224E5D26700B823E1 /* User.swift in Sources */ = {isa = PBXBuildFile; fileRef = 79956A5124E5D26700B823E1 /* User.swift */; };
		79956A5424E9EF5900B823E1 /* Gist.swift in Sources */ = {isa = PBXBuildFile; fileRef = 79956A5324E9EF5900B823E1 /* Gist.swift */; };
		79956A5B24F3B45300B823E1 /* KeychainAccess in Frameworks */ = {isa = PBXBuildFile; productRef = 79956A5A24F3B45300B823E1 /* KeychainAccess */; };
		79A6F64824D206EE0037C5FF /* CodeViewConstants.swift in Sources */ = {isa = PBXBuildFile; fileRef = 79A6F64724D206EE0037C5FF /* CodeViewConstants.swift */; };
		79A6F64C24D20B8C0037C5FF /* CodeMirrorViewController.swift in Sources */ = {isa = PBXBuildFile; fileRef = 79A6F64B24D20B8C0037C5FF /* CodeMirrorViewController.swift */; };
		79A6F65124D2B0930037C5FF /* CodeDetailsBottomBar.swift in Sources */ = {isa = PBXBuildFile; fileRef = 79A6F65024D2B0930037C5FF /* CodeDetailsBottomBar.swift */; };
		79A6F65324D2B9D40037C5FF /* String.swift in Sources */ = {isa = PBXBuildFile; fileRef = 79A6F65224D2B9D40037C5FF /* String.swift */; };
		79A6F65524D2BE200037C5FF /* StringProtocol.swift in Sources */ = {isa = PBXBuildFile; fileRef = 79A6F65424D2BE200037C5FF /* StringProtocol.swift */; };
		79A6F65724D2C8D80037C5FF /* Mode.swift in Sources */ = {isa = PBXBuildFile; fileRef = 79A6F65624D2C8D80037C5FF /* Mode.swift */; };
		79BC1D2024D16E67008FD16E /* AppDelegate.swift in Sources */ = {isa = PBXBuildFile; fileRef = 79BC1D1F24D16E67008FD16E /* AppDelegate.swift */; };
		79BC1D2224D16E67008FD16E /* SnipViewApp.swift in Sources */ = {isa = PBXBuildFile; fileRef = 79BC1D2124D16E67008FD16E /* SnipViewApp.swift */; };
		79BC1D2424D16E6A008FD16E /* Assets.xcassets in Resources */ = {isa = PBXBuildFile; fileRef = 79BC1D2324D16E6A008FD16E /* Assets.xcassets */; };
		79BC1D2724D16E6A008FD16E /* Preview Assets.xcassets in Resources */ = {isa = PBXBuildFile; fileRef = 79BC1D2624D16E6A008FD16E /* Preview Assets.xcassets */; };
		79BC1D2A24D16E6A008FD16E /* Main.storyboard in Resources */ = {isa = PBXBuildFile; fileRef = 79BC1D2824D16E6A008FD16E /* Main.storyboard */; };
		79BC1D3324D17124008FD16E /* Sidebar.swift in Sources */ = {isa = PBXBuildFile; fileRef = 79BC1D3224D17124008FD16E /* Sidebar.swift */; };
		79BC1D3524D17142008FD16E /* CodeViewer.swift in Sources */ = {isa = PBXBuildFile; fileRef = 79BC1D3424D17142008FD16E /* CodeViewer.swift */; };
		79BC1D3724D17151008FD16E /* SearchBar.swift in Sources */ = {isa = PBXBuildFile; fileRef = 79BC1D3624D17151008FD16E /* SearchBar.swift */; };
		79C463D024F44233009B2DA3 /* MarkdownHTMLViewer.swift in Sources */ = {isa = PBXBuildFile; fileRef = 79C463CF24F44233009B2DA3 /* MarkdownHTMLViewer.swift */; };
		79C612B12506278D008672BA /* DeepLinkManager.swift in Sources */ = {isa = PBXBuildFile; fileRef = 79C612B02506278D008672BA /* DeepLinkManager.swift */; };
		79DBD4CA24D1CBE500568364 /* CodeView.swift in Sources */ = {isa = PBXBuildFile; fileRef = 79DBD4C924D1CBE500568364 /* CodeView.swift */; };
		79F07A2324D2F3DC00469324 /* ModeSelectionView.swift in Sources */ = {isa = PBXBuildFile; fileRef = 79F07A2224D2F3DC00469324 /* ModeSelectionView.swift */; };
		79F07A2524D2F9C700469324 /* CodeActionsTopBar.swift in Sources */ = {isa = PBXBuildFile; fileRef = 79F07A2424D2F9C700469324 /* CodeActionsTopBar.swift */; };
		79F07A2724D3028C00469324 /* VisualEffectView.swift in Sources */ = {isa = PBXBuildFile; fileRef = 79F07A2624D3028C00469324 /* VisualEffectView.swift */; };
		79F07A2924D3050500469324 /* ImageButton.swift in Sources */ = {isa = PBXBuildFile; fileRef = 79F07A2824D3050500469324 /* ImageButton.swift */; };
/* End PBXBuildFile section */

/* Begin PBXContainerItemProxy section */
		794D27D024F672E4006E3B3D /* PBXContainerItemProxy */ = {
			isa = PBXContainerItemProxy;
			containerPortal = 79BC1D1424D16E67008FD16E /* Project object */;
			proxyType = 1;
			remoteGlobalIDString = 79BC1D1B24D16E67008FD16E;
			remoteInfo = Snip;
		};
/* End PBXContainerItemProxy section */

/* Begin PBXFileReference section */
		791AC9BD24DAA4FD00CAB87C /* TagView.swift */ = {isa = PBXFileReference; lastKnownFileType = sourcecode.swift; path = TagView.swift; sourceTree = "<group>"; };
		791AC9C024DAB60900CAB87C /* SnippetManager.swift */ = {isa = PBXFileReference; lastKnownFileType = sourcecode.swift; path = SnippetManager.swift; sourceTree = "<group>"; };
		791AC9C224DABF2500CAB87C /* StorageManager.swift */ = {isa = PBXFileReference; lastKnownFileType = sourcecode.swift; path = StorageManager.swift; sourceTree = "<group>"; };
		791AC9C424DAE45D00CAB87C /* DeferView.swift */ = {isa = PBXFileReference; lastKnownFileType = sourcecode.swift; path = DeferView.swift; sourceTree = "<group>"; };
		791AC9C624DB059A00CAB87C /* SnipItemView.swift */ = {isa = PBXFileReference; lastKnownFileType = sourcecode.swift; path = SnipItemView.swift; sourceTree = "<group>"; };
		791AC9CA24DC450D00CAB87C /* Preview.swift */ = {isa = PBXFileReference; lastKnownFileType = sourcecode.swift; path = Preview.swift; sourceTree = "<group>"; };
		791AC9CD24DCA06200CAB87C /* SnipItemHelper.swift */ = {isa = PBXFileReference; lastKnownFileType = sourcecode.swift; path = SnipItemHelper.swift; sourceTree = "<group>"; };
		791B8D7524E28EF800851E2A /* AppState.swift */ = {isa = PBXFileReference; lastKnownFileType = sourcecode.swift; path = AppState.swift; sourceTree = "<group>"; };
		791B8D7724E2C6C200851E2A /* SharePicker.swift */ = {isa = PBXFileReference; lastKnownFileType = sourcecode.swift; path = SharePicker.swift; sourceTree = "<group>"; };
		7936F88E24D450B900F09AE7 /* SnipItemsList.swift */ = {isa = PBXFileReference; lastKnownFileType = sourcecode.swift; path = SnipItemsList.swift; sourceTree = "<group>"; };
		7936F89224D6377D00F09AE7 /* List.swift */ = {isa = PBXFileReference; lastKnownFileType = sourcecode.swift; path = List.swift; sourceTree = "<group>"; };
		7936F89924D845B600F09AE7 /* SnipItemsListAction.swift */ = {isa = PBXFileReference; lastKnownFileType = sourcecode.swift; path = SnipItemsListAction.swift; sourceTree = "<group>"; };
		7936F89E24DA02DD00F09AE7 /* TextField.swift */ = {isa = PBXFileReference; lastKnownFileType = sourcecode.swift; path = TextField.swift; sourceTree = "<group>"; };
		794D27CB24F672E4006E3B3D /* SnipTests.xctest */ = {isa = PBXFileReference; explicitFileType = wrapper.cfbundle; includeInIndex = 0; path = SnipTests.xctest; sourceTree = BUILT_PRODUCTS_DIR; };
		794D27CD24F672E4006E3B3D /* SnipTests.swift */ = {isa = PBXFileReference; lastKnownFileType = sourcecode.swift; path = SnipTests.swift; sourceTree = "<group>"; };
		794D27CF24F672E4006E3B3D /* Info.plist */ = {isa = PBXFileReference; lastKnownFileType = text.plist.xml; path = Info.plist; sourceTree = "<group>"; };
		794D27DA24F6A19C006E3B3D /* Data.swift */ = {isa = PBXFileReference; lastKnownFileType = sourcecode.swift; path = Data.swift; sourceTree = "<group>"; };
		794D27DD24F6A39B006E3B3D /* md.css */ = {isa = PBXFileReference; lastKnownFileType = text.css; path = md.css; sourceTree = "<group>"; };
		794D27DF24F79F8D006E3B3D /* README.md */ = {isa = PBXFileReference; lastKnownFileType = net.daringfireball.markdown; path = README.md; sourceTree = "<group>"; };
		796B092424D1B4A3006904C4 /* SnipItem.swift */ = {isa = PBXFileReference; lastKnownFileType = sourcecode.swift; path = SnipItem.swift; sourceTree = "<group>"; };
		796B092824D1B563006904C4 /* Settings.swift */ = {isa = PBXFileReference; lastKnownFileType = sourcecode.swift; path = Settings.swift; sourceTree = "<group>"; };
		796B092F24D1B8F5006904C4 /* CodeMirrorView.bundle */ = {isa = PBXFileReference; lastKnownFileType = "wrapper.plug-in"; name = CodeMirrorView.bundle; path = Snip/External/CodeMirrorView.bundle; sourceTree = "<group>"; };
		796B093424D1B95B006904C4 /* Color.swift */ = {isa = PBXFileReference; lastKnownFileType = sourcecode.swift; path = Color.swift; sourceTree = "<group>"; };
		796B093624D1BA1F006904C4 /* Date.swift */ = {isa = PBXFileReference; lastKnownFileType = sourcecode.swift; path = Date.swift; sourceTree = "<group>"; };
		797B92EB24FCDE2900071669 /* Colors.xcassets */ = {isa = PBXFileReference; lastKnownFileType = folder.assetcatalog; path = Colors.xcassets; sourceTree = "<group>"; };
		79956A4124E5463300B823E1 /* API.swift */ = {isa = PBXFileReference; lastKnownFileType = sourcecode.swift; path = API.swift; sourceTree = "<group>"; };
		79956A4324E5772200B823E1 /* Endpoint.swift */ = {isa = PBXFileReference; lastKnownFileType = sourcecode.swift; path = Endpoint.swift; sourceTree = "<group>"; };
		79956A4624E57AC700B823E1 /* Dictionary.swift */ = {isa = PBXFileReference; lastKnownFileType = sourcecode.swift; path = Dictionary.swift; sourceTree = "<group>"; };
		79956A4824E57AD900B823E1 /* CharacterSet.swift */ = {isa = PBXFileReference; lastKnownFileType = sourcecode.swift; path = CharacterSet.swift; sourceTree = "<group>"; };
		79956A4A24E58A0900B823E1 /* SyncManager.swift */ = {isa = PBXFileReference; lastKnownFileType = sourcecode.swift; path = SyncManager.swift; sourceTree = "<group>"; };
		79956A4D24E5A4A200B823E1 /* OAuth.swift */ = {isa = PBXFileReference; lastKnownFileType = sourcecode.swift; path = OAuth.swift; sourceTree = "<group>"; };
		79956A4F24E5BC2300B823E1 /* URL.swift */ = {isa = PBXFileReference; lastKnownFileType = sourcecode.swift; path = URL.swift; sourceTree = "<group>"; };
		79956A5124E5D26700B823E1 /* User.swift */ = {isa = PBXFileReference; lastKnownFileType = sourcecode.swift; path = User.swift; sourceTree = "<group>"; };
		79956A5324E9EF5900B823E1 /* Gist.swift */ = {isa = PBXFileReference; lastKnownFileType = sourcecode.swift; path = Gist.swift; sourceTree = "<group>"; };
		79A6F64724D206EE0037C5FF /* CodeViewConstants.swift */ = {isa = PBXFileReference; lastKnownFileType = sourcecode.swift; path = CodeViewConstants.swift; sourceTree = "<group>"; };
		79A6F64B24D20B8C0037C5FF /* CodeMirrorViewController.swift */ = {isa = PBXFileReference; lastKnownFileType = sourcecode.swift; path = CodeMirrorViewController.swift; sourceTree = "<group>"; };
		79A6F65024D2B0930037C5FF /* CodeDetailsBottomBar.swift */ = {isa = PBXFileReference; lastKnownFileType = sourcecode.swift; path = CodeDetailsBottomBar.swift; sourceTree = "<group>"; };
		79A6F65224D2B9D40037C5FF /* String.swift */ = {isa = PBXFileReference; lastKnownFileType = sourcecode.swift; path = String.swift; sourceTree = "<group>"; };
		79A6F65424D2BE200037C5FF /* StringProtocol.swift */ = {isa = PBXFileReference; lastKnownFileType = sourcecode.swift; path = StringProtocol.swift; sourceTree = "<group>"; };
		79A6F65624D2C8D80037C5FF /* Mode.swift */ = {isa = PBXFileReference; lastKnownFileType = sourcecode.swift; path = Mode.swift; sourceTree = "<group>"; };
		79BC1D1C24D16E67008FD16E /* Snip.app */ = {isa = PBXFileReference; explicitFileType = wrapper.application; includeInIndex = 0; path = Snip.app; sourceTree = BUILT_PRODUCTS_DIR; };
		79BC1D1F24D16E67008FD16E /* AppDelegate.swift */ = {isa = PBXFileReference; lastKnownFileType = sourcecode.swift; path = AppDelegate.swift; sourceTree = "<group>"; };
		79BC1D2124D16E67008FD16E /* SnipViewApp.swift */ = {isa = PBXFileReference; lastKnownFileType = sourcecode.swift; path = SnipViewApp.swift; sourceTree = "<group>"; };
		79BC1D2324D16E6A008FD16E /* Assets.xcassets */ = {isa = PBXFileReference; lastKnownFileType = folder.assetcatalog; path = Assets.xcassets; sourceTree = "<group>"; };
		79BC1D2624D16E6A008FD16E /* Preview Assets.xcassets */ = {isa = PBXFileReference; lastKnownFileType = folder.assetcatalog; path = "Preview Assets.xcassets"; sourceTree = "<group>"; };
		79BC1D2924D16E6A008FD16E /* Base */ = {isa = PBXFileReference; lastKnownFileType = file.storyboard; name = Base; path = Base.lproj/Main.storyboard; sourceTree = "<group>"; };
		79BC1D2B24D16E6A008FD16E /* Info.plist */ = {isa = PBXFileReference; lastKnownFileType = text.plist.xml; path = Info.plist; sourceTree = "<group>"; };
		79BC1D2C24D16E6A008FD16E /* Snip.entitlements */ = {isa = PBXFileReference; lastKnownFileType = text.plist.entitlements; path = Snip.entitlements; sourceTree = "<group>"; };
		79BC1D3224D17124008FD16E /* Sidebar.swift */ = {isa = PBXFileReference; lastKnownFileType = sourcecode.swift; path = Sidebar.swift; sourceTree = "<group>"; };
		79BC1D3424D17142008FD16E /* CodeViewer.swift */ = {isa = PBXFileReference; lastKnownFileType = sourcecode.swift; path = CodeViewer.swift; sourceTree = "<group>"; };
		79BC1D3624D17151008FD16E /* SearchBar.swift */ = {isa = PBXFileReference; lastKnownFileType = sourcecode.swift; path = SearchBar.swift; sourceTree = "<group>"; };
		79C463CF24F44233009B2DA3 /* MarkdownHTMLViewer.swift */ = {isa = PBXFileReference; lastKnownFileType = sourcecode.swift; path = MarkdownHTMLViewer.swift; sourceTree = "<group>"; };
		79C612B02506278D008672BA /* DeepLinkManager.swift */ = {isa = PBXFileReference; lastKnownFileType = sourcecode.swift; path = DeepLinkManager.swift; sourceTree = "<group>"; };
		79DBD4C924D1CBE500568364 /* CodeView.swift */ = {isa = PBXFileReference; lastKnownFileType = sourcecode.swift; path = CodeView.swift; sourceTree = "<group>"; };
		79F07A2224D2F3DC00469324 /* ModeSelectionView.swift */ = {isa = PBXFileReference; lastKnownFileType = sourcecode.swift; path = ModeSelectionView.swift; sourceTree = "<group>"; };
		79F07A2424D2F9C700469324 /* CodeActionsTopBar.swift */ = {isa = PBXFileReference; lastKnownFileType = sourcecode.swift; path = CodeActionsTopBar.swift; sourceTree = "<group>"; };
		79F07A2624D3028C00469324 /* VisualEffectView.swift */ = {isa = PBXFileReference; lastKnownFileType = sourcecode.swift; path = VisualEffectView.swift; sourceTree = "<group>"; };
		79F07A2824D3050500469324 /* ImageButton.swift */ = {isa = PBXFileReference; lastKnownFileType = sourcecode.swift; path = ImageButton.swift; sourceTree = "<group>"; };
/* End PBXFileReference section */

/* Begin PBXFrameworksBuildPhase section */
		794D27C824F672E4006E3B3D /* Frameworks */ = {
			isa = PBXFrameworksBuildPhase;
			buildActionMask = 2147483647;
			files = (
			);
			runOnlyForDeploymentPostprocessing = 0;
		};
		79BC1D1924D16E67008FD16E /* Frameworks */ = {
			isa = PBXFrameworksBuildPhase;
			buildActionMask = 2147483647;
			files = (
				79956A5B24F3B45300B823E1 /* KeychainAccess in Frameworks */,
				7936F89624D637D800F09AE7 /* Introspect in Frameworks */,
				794D27D924F68FF2006E3B3D /* Down in Frameworks */,
			);
			runOnlyForDeploymentPostprocessing = 0;
		};
/* End PBXFrameworksBuildPhase section */

/* Begin PBXGroup section */
		791AC9BF24DAB5D500CAB87C /* Manager */ = {
			isa = PBXGroup;
			children = (
				791AC9C024DAB60900CAB87C /* SnippetManager.swift */,
				791AC9C224DABF2500CAB87C /* StorageManager.swift */,
				79C612B02506278D008672BA /* DeepLinkManager.swift */,
			);
			path = Manager;
			sourceTree = "<group>";
		};
		791AC9CC24DCA04D00CAB87C /* Helper */ = {
			isa = PBXGroup;
			children = (
				791AC9CD24DCA06200CAB87C /* SnipItemHelper.swift */,
			);
			path = Helper;
			sourceTree = "<group>";
		};
		794D27CC24F672E4006E3B3D /* SnipTests */ = {
			isa = PBXGroup;
			children = (
				794D27CD24F672E4006E3B3D /* SnipTests.swift */,
				794D27CF24F672E4006E3B3D /* Info.plist */,
			);
			path = SnipTests;
			sourceTree = "<group>";
		};
		794D27DC24F6A37E006E3B3D /* Resources */ = {
			isa = PBXGroup;
			children = (
				794D27DD24F6A39B006E3B3D /* md.css */,
			);
			path = Resources;
			sourceTree = "<group>";
		};
		796B092324D1B48F006904C4 /* Model */ = {
			isa = PBXGroup;
			children = (
				791AC9CC24DCA04D00CAB87C /* Helper */,
				796B092424D1B4A3006904C4 /* SnipItem.swift */,
				79A6F65624D2C8D80037C5FF /* Mode.swift */,
				796B092824D1B563006904C4 /* Settings.swift */,
				791AC9CA24DC450D00CAB87C /* Preview.swift */,
				791B8D7524E28EF800851E2A /* AppState.swift */,
			);
			path = Model;
			sourceTree = "<group>";
		};
		796B093324D1B901006904C4 /* External */ = {
			isa = PBXGroup;
			children = (
				796B092F24D1B8F5006904C4 /* CodeMirrorView.bundle */,
			);
			name = External;
			path = ..;
			sourceTree = "<group>";
		};
		79956A4524E577B900B823E1 /* Backend */ = {
			isa = PBXGroup;
			children = (
				79956A4C24E5A49400B823E1 /* Model */,
				79956A4124E5463300B823E1 /* API.swift */,
				79956A4324E5772200B823E1 /* Endpoint.swift */,
				79956A4A24E58A0900B823E1 /* SyncManager.swift */,
			);
			path = Backend;
			sourceTree = "<group>";
		};
		79956A4C24E5A49400B823E1 /* Model */ = {
			isa = PBXGroup;
			children = (
				79956A4D24E5A4A200B823E1 /* OAuth.swift */,
				79956A5124E5D26700B823E1 /* User.swift */,
				79956A5324E9EF5900B823E1 /* Gist.swift */,
			);
			path = Model;
			sourceTree = "<group>";
		};
		79A6F64D24D2B06C0037C5FF /* Sidebar */ = {
			isa = PBXGroup;
			children = (
				79BC1D3224D17124008FD16E /* Sidebar.swift */,
				7936F88E24D450B900F09AE7 /* SnipItemsList.swift */,
				791AC9C624DB059A00CAB87C /* SnipItemView.swift */,
				7936F89924D845B600F09AE7 /* SnipItemsListAction.swift */,
			);
			path = Sidebar;
			sourceTree = "<group>";
		};
		79A6F64E24D2B0730037C5FF /* Searchbar */ = {
			isa = PBXGroup;
			children = (
				79BC1D3624D17151008FD16E /* SearchBar.swift */,
			);
			path = Searchbar;
			sourceTree = "<group>";
		};
		79A6F64F24D2B07D0037C5FF /* CodeViewer */ = {
			isa = PBXGroup;
			children = (
				79BC1D3424D17142008FD16E /* CodeViewer.swift */,
				79F07A2424D2F9C700469324 /* CodeActionsTopBar.swift */,
				79F07A2224D2F3DC00469324 /* ModeSelectionView.swift */,
				79A6F65024D2B0930037C5FF /* CodeDetailsBottomBar.swift */,
				791AC9BD24DAA4FD00CAB87C /* TagView.swift */,
			);
			path = CodeViewer;
			sourceTree = "<group>";
		};
		79BC1D1324D16E67008FD16E = {
			isa = PBXGroup;
			children = (
				794D27DF24F79F8D006E3B3D /* README.md */,
				79BC1D1E24D16E67008FD16E /* Snip */,
				794D27CC24F672E4006E3B3D /* SnipTests */,
				79BC1D1D24D16E67008FD16E /* Products */,
			);
			sourceTree = "<group>";
		};
		79BC1D1D24D16E67008FD16E /* Products */ = {
			isa = PBXGroup;
			children = (
				79BC1D1C24D16E67008FD16E /* Snip.app */,
				794D27CB24F672E4006E3B3D /* SnipTests.xctest */,
			);
			name = Products;
			sourceTree = "<group>";
		};
		79BC1D1E24D16E67008FD16E /* Snip */ = {
			isa = PBXGroup;
			children = (
				796B093324D1B901006904C4 /* External */,
				79956A4524E577B900B823E1 /* Backend */,
				79BC1D3824D1AFDF008FD16E /* Extensions */,
				796B092324D1B48F006904C4 /* Model */,
				791AC9BF24DAB5D500CAB87C /* Manager */,
				79BC1D3924D1AFE5008FD16E /* Components */,
				79DBD4C824D1CBBD00568364 /* Representables */,
				79BC1D2124D16E67008FD16E /* SnipViewApp.swift */,
				79BC1D1F24D16E67008FD16E /* AppDelegate.swift */,
				794D27DC24F6A37E006E3B3D /* Resources */,
				79BC1D2324D16E6A008FD16E /* Assets.xcassets */,
				797B92EB24FCDE2900071669 /* Colors.xcassets */,
				79BC1D2824D16E6A008FD16E /* Main.storyboard */,
				79BC1D2B24D16E6A008FD16E /* Info.plist */,
				79BC1D2C24D16E6A008FD16E /* Snip.entitlements */,
				79BC1D2524D16E6A008FD16E /* Preview Content */,
			);
			path = Snip;
			sourceTree = "<group>";
		};
		79BC1D2524D16E6A008FD16E /* Preview Content */ = {
			isa = PBXGroup;
			children = (
				79BC1D2624D16E6A008FD16E /* Preview Assets.xcassets */,
			);
			path = "Preview Content";
			sourceTree = "<group>";
		};
		79BC1D3824D1AFDF008FD16E /* Extensions */ = {
			isa = PBXGroup;
			children = (
				796B093424D1B95B006904C4 /* Color.swift */,
				796B093624D1BA1F006904C4 /* Date.swift */,
				79A6F65224D2B9D40037C5FF /* String.swift */,
				79A6F65424D2BE200037C5FF /* StringProtocol.swift */,
				7936F89224D6377D00F09AE7 /* List.swift */,
				7936F89E24DA02DD00F09AE7 /* TextField.swift */,
				79956A4624E57AC700B823E1 /* Dictionary.swift */,
				79956A4824E57AD900B823E1 /* CharacterSet.swift */,
				79956A4F24E5BC2300B823E1 /* URL.swift */,
				794D27DA24F6A19C006E3B3D /* Data.swift */,
			);
			path = Extensions;
			sourceTree = "<group>";
		};
		79BC1D3924D1AFE5008FD16E /* Components */ = {
			isa = PBXGroup;
			children = (
				79F07A2A24D305C900469324 /* Misc */,
				79A6F64D24D2B06C0037C5FF /* Sidebar */,
				79A6F64E24D2B0730037C5FF /* Searchbar */,
				79A6F64F24D2B07D0037C5FF /* CodeViewer */,
			);
			path = Components;
			sourceTree = "<group>";
		};
		79DBD4C824D1CBBD00568364 /* Representables */ = {
			isa = PBXGroup;
			children = (
				79DBD4C924D1CBE500568364 /* CodeView.swift */,
				79A6F64724D206EE0037C5FF /* CodeViewConstants.swift */,
				79A6F64B24D20B8C0037C5FF /* CodeMirrorViewController.swift */,
				79F07A2624D3028C00469324 /* VisualEffectView.swift */,
				791B8D7724E2C6C200851E2A /* SharePicker.swift */,
				79C463CF24F44233009B2DA3 /* MarkdownHTMLViewer.swift */,
			);
			path = Representables;
			sourceTree = "<group>";
		};
		79F07A2A24D305C900469324 /* Misc */ = {
			isa = PBXGroup;
			children = (
				79F07A2824D3050500469324 /* ImageButton.swift */,
				791AC9C424DAE45D00CAB87C /* DeferView.swift */,
			);
			path = Misc;
			sourceTree = "<group>";
		};
/* End PBXGroup section */

/* Begin PBXNativeTarget section */
		794D27CA24F672E4006E3B3D /* SnipTests */ = {
			isa = PBXNativeTarget;
			buildConfigurationList = 794D27D424F672E4006E3B3D /* Build configuration list for PBXNativeTarget "SnipTests" */;
			buildPhases = (
				794D27C724F672E4006E3B3D /* Sources */,
				794D27C824F672E4006E3B3D /* Frameworks */,
				794D27C924F672E4006E3B3D /* Resources */,
			);
			buildRules = (
			);
			dependencies = (
				794D27D124F672E4006E3B3D /* PBXTargetDependency */,
			);
			name = SnipTests;
			productName = SnipTests;
			productReference = 794D27CB24F672E4006E3B3D /* SnipTests.xctest */;
			productType = "com.apple.product-type.bundle.unit-test";
		};
		79BC1D1B24D16E67008FD16E /* Snip */ = {
			isa = PBXNativeTarget;
			buildConfigurationList = 79BC1D2F24D16E6A008FD16E /* Build configuration list for PBXNativeTarget "Snip" */;
			buildPhases = (
				79BC1D1824D16E67008FD16E /* Sources */,
				79BC1D1924D16E67008FD16E /* Frameworks */,
				79BC1D1A24D16E67008FD16E /* Resources */,
			);
			buildRules = (
			);
			dependencies = (
			);
			name = Snip;
			packageProductDependencies = (
				7936F89524D637D800F09AE7 /* Introspect */,
				79956A5A24F3B45300B823E1 /* KeychainAccess */,
				794D27D824F68FF2006E3B3D /* Down */,
			);
			productName = Snip;
			productReference = 79BC1D1C24D16E67008FD16E /* Snip.app */;
			productType = "com.apple.product-type.application";
		};
/* End PBXNativeTarget section */

/* Begin PBXProject section */
		79BC1D1424D16E67008FD16E /* Project object */ = {
			isa = PBXProject;
			attributes = {
				LastSwiftUpdateCheck = 1160;
				LastUpgradeCheck = 1160;
				ORGANIZATIONNAME = pictarine;
				TargetAttributes = {
					794D27CA24F672E4006E3B3D = {
						CreatedOnToolsVersion = 11.6;
						TestTargetID = 79BC1D1B24D16E67008FD16E;
					};
					79BC1D1B24D16E67008FD16E = {
						CreatedOnToolsVersion = 11.6;
					};
				};
			};
			buildConfigurationList = 79BC1D1724D16E67008FD16E /* Build configuration list for PBXProject "Snip" */;
			compatibilityVersion = "Xcode 9.3";
			developmentRegion = en;
			hasScannedForEncodings = 0;
			knownRegions = (
				en,
				Base,
			);
			mainGroup = 79BC1D1324D16E67008FD16E;
			packageReferences = (
				7936F89424D637D800F09AE7 /* XCRemoteSwiftPackageReference "SwiftUI-Introspect" */,
				79956A5924F3B45300B823E1 /* XCRemoteSwiftPackageReference "KeychainAccess" */,
				794D27D724F68FF2006E3B3D /* XCRemoteSwiftPackageReference "Down" */,
			);
			productRefGroup = 79BC1D1D24D16E67008FD16E /* Products */;
			projectDirPath = "";
			projectRoot = "";
			targets = (
				79BC1D1B24D16E67008FD16E /* Snip */,
				794D27CA24F672E4006E3B3D /* SnipTests */,
			);
		};
/* End PBXProject section */

/* Begin PBXResourcesBuildPhase section */
		794D27C924F672E4006E3B3D /* Resources */ = {
			isa = PBXResourcesBuildPhase;
			buildActionMask = 2147483647;
			files = (
			);
			runOnlyForDeploymentPostprocessing = 0;
		};
		79BC1D1A24D16E67008FD16E /* Resources */ = {
			isa = PBXResourcesBuildPhase;
			buildActionMask = 2147483647;
			files = (
				794D27DE24F6A39B006E3B3D /* md.css in Resources */,
				796B093124D1B8F5006904C4 /* CodeMirrorView.bundle in Resources */,
				79BC1D2A24D16E6A008FD16E /* Main.storyboard in Resources */,
				797B92EC24FCDE2900071669 /* Colors.xcassets in Resources */,
				79BC1D2724D16E6A008FD16E /* Preview Assets.xcassets in Resources */,
				79BC1D2424D16E6A008FD16E /* Assets.xcassets in Resources */,
			);
			runOnlyForDeploymentPostprocessing = 0;
		};
/* End PBXResourcesBuildPhase section */

/* Begin PBXSourcesBuildPhase section */
		794D27C724F672E4006E3B3D /* Sources */ = {
			isa = PBXSourcesBuildPhase;
			buildActionMask = 2147483647;
			files = (
				794D27CE24F672E4006E3B3D /* SnipTests.swift in Sources */,
			);
			runOnlyForDeploymentPostprocessing = 0;
		};
		79BC1D1824D16E67008FD16E /* Sources */ = {
			isa = PBXSourcesBuildPhase;
			buildActionMask = 2147483647;
			files = (
				791AC9CB24DC450D00CAB87C /* Preview.swift in Sources */,
				79F07A2324D2F3DC00469324 /* ModeSelectionView.swift in Sources */,
				79BC1D3524D17142008FD16E /* CodeViewer.swift in Sources */,
				796B093724D1BA1F006904C4 /* Date.swift in Sources */,
				7936F89F24DA02DD00F09AE7 /* TextField.swift in Sources */,
				79C612B12506278D008672BA /* DeepLinkManager.swift in Sources */,
				79C463D024F44233009B2DA3 /* MarkdownHTMLViewer.swift in Sources */,
				79956A4724E57AC700B823E1 /* Dictionary.swift in Sources */,
				79BC1D2224D16E67008FD16E /* SnipViewApp.swift in Sources */,
				791B8D7624E28EF800851E2A /* AppState.swift in Sources */,
				79F07A2924D3050500469324 /* ImageButton.swift in Sources */,
				791AC9BE24DAA4FD00CAB87C /* TagView.swift in Sources */,
				796B092924D1B563006904C4 /* Settings.swift in Sources */,
				79956A4924E57AD900B823E1 /* CharacterSet.swift in Sources */,
				79956A4E24E5A4A200B823E1 /* OAuth.swift in Sources */,
				791B8D7824E2C6C200851E2A /* SharePicker.swift in Sources */,
				794D27DB24F6A19C006E3B3D /* Data.swift in Sources */,
				79F07A2724D3028C00469324 /* VisualEffectView.swift in Sources */,
				79956A5024E5BC2300B823E1 /* URL.swift in Sources */,
				791AC9C124DAB60900CAB87C /* SnippetManager.swift in Sources */,
				79A6F65124D2B0930037C5FF /* CodeDetailsBottomBar.swift in Sources */,
				79956A5224E5D26700B823E1 /* User.swift in Sources */,
				79956A4424E5772200B823E1 /* Endpoint.swift in Sources */,
				79956A5424E9EF5900B823E1 /* Gist.swift in Sources */,
				79BC1D3724D17151008FD16E /* SearchBar.swift in Sources */,
				7936F88F24D450B900F09AE7 /* SnipItemsList.swift in Sources */,
				79F07A2524D2F9C700469324 /* CodeActionsTopBar.swift in Sources */,
				79956A4B24E58A0900B823E1 /* SyncManager.swift in Sources */,
				79956A4224E5463300B823E1 /* API.swift in Sources */,
				791AC9C724DB059A00CAB87C /* SnipItemView.swift in Sources */,
				79DBD4CA24D1CBE500568364 /* CodeView.swift in Sources */,
				79BC1D3324D17124008FD16E /* Sidebar.swift in Sources */,
				79A6F64C24D20B8C0037C5FF /* CodeMirrorViewController.swift in Sources */,
				79BC1D2024D16E67008FD16E /* AppDelegate.swift in Sources */,
				79A6F64824D206EE0037C5FF /* CodeViewConstants.swift in Sources */,
				79A6F65324D2B9D40037C5FF /* String.swift in Sources */,
				791AC9C524DAE45D00CAB87C /* DeferView.swift in Sources */,
				791AC9CE24DCA06200CAB87C /* SnipItemHelper.swift in Sources */,
				7936F89A24D845B600F09AE7 /* SnipItemsListAction.swift in Sources */,
				791AC9C324DABF2500CAB87C /* StorageManager.swift in Sources */,
				796B092524D1B4A3006904C4 /* SnipItem.swift in Sources */,
				79A6F65524D2BE200037C5FF /* StringProtocol.swift in Sources */,
				796B093524D1B95B006904C4 /* Color.swift in Sources */,
				7936F89324D6377D00F09AE7 /* List.swift in Sources */,
				79A6F65724D2C8D80037C5FF /* Mode.swift in Sources */,
			);
			runOnlyForDeploymentPostprocessing = 0;
		};
/* End PBXSourcesBuildPhase section */

/* Begin PBXTargetDependency section */
		794D27D124F672E4006E3B3D /* PBXTargetDependency */ = {
			isa = PBXTargetDependency;
			target = 79BC1D1B24D16E67008FD16E /* Snip */;
			targetProxy = 794D27D024F672E4006E3B3D /* PBXContainerItemProxy */;
		};
/* End PBXTargetDependency section */

/* Begin PBXVariantGroup section */
		79BC1D2824D16E6A008FD16E /* Main.storyboard */ = {
			isa = PBXVariantGroup;
			children = (
				79BC1D2924D16E6A008FD16E /* Base */,
			);
			name = Main.storyboard;
			sourceTree = "<group>";
		};
/* End PBXVariantGroup section */

/* Begin XCBuildConfiguration section */
		794D27D224F672E4006E3B3D /* Debug */ = {
			isa = XCBuildConfiguration;
			buildSettings = {
				BUNDLE_LOADER = "$(TEST_HOST)";
				CODE_SIGN_STYLE = Automatic;
				COMBINE_HIDPI_IMAGES = YES;
				DEVELOPMENT_TEAM = 7XBGRFP286;
				INFOPLIST_FILE = SnipTests/Info.plist;
				LD_RUNPATH_SEARCH_PATHS = (
					"$(inherited)",
					"@executable_path/../Frameworks",
					"@loader_path/../Frameworks",
				);
				PRODUCT_BUNDLE_IDENTIFIER = com.pictarine.SnipTests;
				PRODUCT_NAME = "$(TARGET_NAME)";
				SWIFT_VERSION = 5.0;
				TEST_HOST = "$(BUILT_PRODUCTS_DIR)/Snip.app/Contents/MacOS/Snip";
			};
			name = Debug;
		};
		794D27D324F672E4006E3B3D /* Release */ = {
			isa = XCBuildConfiguration;
			buildSettings = {
				BUNDLE_LOADER = "$(TEST_HOST)";
				CODE_SIGN_STYLE = Automatic;
				COMBINE_HIDPI_IMAGES = YES;
				DEVELOPMENT_TEAM = 7XBGRFP286;
				INFOPLIST_FILE = SnipTests/Info.plist;
				LD_RUNPATH_SEARCH_PATHS = (
					"$(inherited)",
					"@executable_path/../Frameworks",
					"@loader_path/../Frameworks",
				);
				PRODUCT_BUNDLE_IDENTIFIER = com.pictarine.SnipTests;
				PRODUCT_NAME = "$(TARGET_NAME)";
				SWIFT_VERSION = 5.0;
				TEST_HOST = "$(BUILT_PRODUCTS_DIR)/Snip.app/Contents/MacOS/Snip";
			};
			name = Release;
		};
		79BC1D2D24D16E6A008FD16E /* Debug */ = {
			isa = XCBuildConfiguration;
			buildSettings = {
				ALWAYS_SEARCH_USER_PATHS = NO;
				CLANG_ANALYZER_NONNULL = YES;
				CLANG_ANALYZER_NUMBER_OBJECT_CONVERSION = YES_AGGRESSIVE;
				CLANG_CXX_LANGUAGE_STANDARD = "gnu++14";
				CLANG_CXX_LIBRARY = "libc++";
				CLANG_ENABLE_MODULES = YES;
				CLANG_ENABLE_OBJC_ARC = YES;
				CLANG_ENABLE_OBJC_WEAK = YES;
				CLANG_WARN_BLOCK_CAPTURE_AUTORELEASING = YES;
				CLANG_WARN_BOOL_CONVERSION = YES;
				CLANG_WARN_COMMA = YES;
				CLANG_WARN_CONSTANT_CONVERSION = YES;
				CLANG_WARN_DEPRECATED_OBJC_IMPLEMENTATIONS = YES;
				CLANG_WARN_DIRECT_OBJC_ISA_USAGE = YES_ERROR;
				CLANG_WARN_DOCUMENTATION_COMMENTS = YES;
				CLANG_WARN_EMPTY_BODY = YES;
				CLANG_WARN_ENUM_CONVERSION = YES;
				CLANG_WARN_INFINITE_RECURSION = YES;
				CLANG_WARN_INT_CONVERSION = YES;
				CLANG_WARN_NON_LITERAL_NULL_CONVERSION = YES;
				CLANG_WARN_OBJC_IMPLICIT_RETAIN_SELF = YES;
				CLANG_WARN_OBJC_LITERAL_CONVERSION = YES;
				CLANG_WARN_OBJC_ROOT_CLASS = YES_ERROR;
				CLANG_WARN_RANGE_LOOP_ANALYSIS = YES;
				CLANG_WARN_STRICT_PROTOTYPES = YES;
				CLANG_WARN_SUSPICIOUS_MOVE = YES;
				CLANG_WARN_UNGUARDED_AVAILABILITY = YES_AGGRESSIVE;
				CLANG_WARN_UNREACHABLE_CODE = YES;
				CLANG_WARN__DUPLICATE_METHOD_MATCH = YES;
				COPY_PHASE_STRIP = NO;
				DEBUG_INFORMATION_FORMAT = dwarf;
				ENABLE_STRICT_OBJC_MSGSEND = YES;
				ENABLE_TESTABILITY = YES;
				GCC_C_LANGUAGE_STANDARD = gnu11;
				GCC_DYNAMIC_NO_PIC = NO;
				GCC_NO_COMMON_BLOCKS = YES;
				GCC_OPTIMIZATION_LEVEL = 0;
				GCC_PREPROCESSOR_DEFINITIONS = (
					"DEBUG=1",
					"$(inherited)",
				);
				GCC_WARN_64_TO_32_BIT_CONVERSION = YES;
				GCC_WARN_ABOUT_RETURN_TYPE = YES_ERROR;
				GCC_WARN_UNDECLARED_SELECTOR = YES;
				GCC_WARN_UNINITIALIZED_AUTOS = YES_AGGRESSIVE;
				GCC_WARN_UNUSED_FUNCTION = YES;
				GCC_WARN_UNUSED_VARIABLE = YES;
				MACOSX_DEPLOYMENT_TARGET = 10.15;
				MTL_ENABLE_DEBUG_INFO = INCLUDE_SOURCE;
				MTL_FAST_MATH = YES;
				ONLY_ACTIVE_ARCH = YES;
				SDKROOT = macosx;
				SWIFT_ACTIVE_COMPILATION_CONDITIONS = DEBUG;
				SWIFT_OPTIMIZATION_LEVEL = "-Onone";
			};
			name = Debug;
		};
		79BC1D2E24D16E6A008FD16E /* Release */ = {
			isa = XCBuildConfiguration;
			buildSettings = {
				ALWAYS_SEARCH_USER_PATHS = NO;
				CLANG_ANALYZER_NONNULL = YES;
				CLANG_ANALYZER_NUMBER_OBJECT_CONVERSION = YES_AGGRESSIVE;
				CLANG_CXX_LANGUAGE_STANDARD = "gnu++14";
				CLANG_CXX_LIBRARY = "libc++";
				CLANG_ENABLE_MODULES = YES;
				CLANG_ENABLE_OBJC_ARC = YES;
				CLANG_ENABLE_OBJC_WEAK = YES;
				CLANG_WARN_BLOCK_CAPTURE_AUTORELEASING = YES;
				CLANG_WARN_BOOL_CONVERSION = YES;
				CLANG_WARN_COMMA = YES;
				CLANG_WARN_CONSTANT_CONVERSION = YES;
				CLANG_WARN_DEPRECATED_OBJC_IMPLEMENTATIONS = YES;
				CLANG_WARN_DIRECT_OBJC_ISA_USAGE = YES_ERROR;
				CLANG_WARN_DOCUMENTATION_COMMENTS = YES;
				CLANG_WARN_EMPTY_BODY = YES;
				CLANG_WARN_ENUM_CONVERSION = YES;
				CLANG_WARN_INFINITE_RECURSION = YES;
				CLANG_WARN_INT_CONVERSION = YES;
				CLANG_WARN_NON_LITERAL_NULL_CONVERSION = YES;
				CLANG_WARN_OBJC_IMPLICIT_RETAIN_SELF = YES;
				CLANG_WARN_OBJC_LITERAL_CONVERSION = YES;
				CLANG_WARN_OBJC_ROOT_CLASS = YES_ERROR;
				CLANG_WARN_RANGE_LOOP_ANALYSIS = YES;
				CLANG_WARN_STRICT_PROTOTYPES = YES;
				CLANG_WARN_SUSPICIOUS_MOVE = YES;
				CLANG_WARN_UNGUARDED_AVAILABILITY = YES_AGGRESSIVE;
				CLANG_WARN_UNREACHABLE_CODE = YES;
				CLANG_WARN__DUPLICATE_METHOD_MATCH = YES;
				COPY_PHASE_STRIP = NO;
				DEBUG_INFORMATION_FORMAT = "dwarf-with-dsym";
				ENABLE_NS_ASSERTIONS = NO;
				ENABLE_STRICT_OBJC_MSGSEND = YES;
				GCC_C_LANGUAGE_STANDARD = gnu11;
				GCC_NO_COMMON_BLOCKS = YES;
				GCC_WARN_64_TO_32_BIT_CONVERSION = YES;
				GCC_WARN_ABOUT_RETURN_TYPE = YES_ERROR;
				GCC_WARN_UNDECLARED_SELECTOR = YES;
				GCC_WARN_UNINITIALIZED_AUTOS = YES_AGGRESSIVE;
				GCC_WARN_UNUSED_FUNCTION = YES;
				GCC_WARN_UNUSED_VARIABLE = YES;
				MACOSX_DEPLOYMENT_TARGET = 10.15;
				MTL_ENABLE_DEBUG_INFO = NO;
				MTL_FAST_MATH = YES;
				SDKROOT = macosx;
				SWIFT_COMPILATION_MODE = wholemodule;
				SWIFT_OPTIMIZATION_LEVEL = "-O";
			};
			name = Release;
		};
		79BC1D3024D16E6A008FD16E /* Debug */ = {
			isa = XCBuildConfiguration;
			buildSettings = {
				ASSETCATALOG_COMPILER_APPICON_NAME = AppIcon;
				CODE_SIGN_ENTITLEMENTS = Snip/Snip.entitlements;
				CODE_SIGN_IDENTITY = "Mac Developer";
				CODE_SIGN_STYLE = Manual;
				COMBINE_HIDPI_IMAGES = YES;
				CURRENT_PROJECT_VERSION = 4;
				DEVELOPMENT_ASSET_PATHS = "\"Snip/Preview Content\"";
				DEVELOPMENT_TEAM = 7XBGRFP286;
				ENABLE_HARDENED_RUNTIME = YES;
				ENABLE_PREVIEWS = YES;
				INFOPLIST_FILE = Snip/Info.plist;
				LD_RUNPATH_SEARCH_PATHS = (
					"$(inherited)",
					"@executable_path/../Frameworks",
				);
				MACOSX_DEPLOYMENT_TARGET = 10.15;
				MARKETING_VERSION = 1.1;
				PRODUCT_BUNDLE_IDENTIFIER = com.pictarine.Snip;
				PRODUCT_NAME = "$(TARGET_NAME)";
				PROVISIONING_PROFILE_SPECIFIER = "Snip DEBUG";
				SWIFT_VERSION = 5.0;
			};
			name = Debug;
		};
		79BC1D3124D16E6A008FD16E /* Release */ = {
			isa = XCBuildConfiguration;
			buildSettings = {
				ASSETCATALOG_COMPILER_APPICON_NAME = AppIcon;
				CODE_SIGN_ENTITLEMENTS = Snip/Snip.entitlements;
				CODE_SIGN_IDENTITY = "3rd Party Mac Developer Application";
				CODE_SIGN_STYLE = Manual;
				COMBINE_HIDPI_IMAGES = YES;
				CURRENT_PROJECT_VERSION = 4;
				DEVELOPMENT_ASSET_PATHS = "\"Snip/Preview Content\"";
				DEVELOPMENT_TEAM = 7XBGRFP286;
				ENABLE_HARDENED_RUNTIME = YES;
				ENABLE_PREVIEWS = YES;
				INFOPLIST_FILE = Snip/Info.plist;
				LD_RUNPATH_SEARCH_PATHS = (
					"$(inherited)",
					"@executable_path/../Frameworks",
				);
				MACOSX_DEPLOYMENT_TARGET = 10.15;
				MARKETING_VERSION = 1.1;
				PRODUCT_BUNDLE_IDENTIFIER = com.pictarine.Snip;
				PRODUCT_NAME = "$(TARGET_NAME)";
				PROVISIONING_PROFILE_SPECIFIER = "Snip APPSTORE";
				SWIFT_VERSION = 5.0;
			};
			name = Release;
		};
/* End XCBuildConfiguration section */

/* Begin XCConfigurationList section */
		794D27D424F672E4006E3B3D /* Build configuration list for PBXNativeTarget "SnipTests" */ = {
			isa = XCConfigurationList;
			buildConfigurations = (
				794D27D224F672E4006E3B3D /* Debug */,
				794D27D324F672E4006E3B3D /* Release */,
			);
			defaultConfigurationIsVisible = 0;
			defaultConfigurationName = Release;
		};
		79BC1D1724D16E67008FD16E /* Build configuration list for PBXProject "Snip" */ = {
			isa = XCConfigurationList;
			buildConfigurations = (
				79BC1D2D24D16E6A008FD16E /* Debug */,
				79BC1D2E24D16E6A008FD16E /* Release */,
			);
			defaultConfigurationIsVisible = 0;
			defaultConfigurationName = Release;
		};
		79BC1D2F24D16E6A008FD16E /* Build configuration list for PBXNativeTarget "Snip" */ = {
			isa = XCConfigurationList;
			buildConfigurations = (
				79BC1D3024D16E6A008FD16E /* Debug */,
				79BC1D3124D16E6A008FD16E /* Release */,
			);
			defaultConfigurationIsVisible = 0;
			defaultConfigurationName = Release;
		};
/* End XCConfigurationList section */

/* Begin XCRemoteSwiftPackageReference section */
		7936F89424D637D800F09AE7 /* XCRemoteSwiftPackageReference "SwiftUI-Introspect" */ = {
			isa = XCRemoteSwiftPackageReference;
			repositoryURL = "https://github.com/siteline/SwiftUI-Introspect.git";
			requirement = {
				kind = upToNextMajorVersion;
				minimumVersion = 0.1.0;
			};
		};
		794D27D724F68FF2006E3B3D /* XCRemoteSwiftPackageReference "Down" */ = {
			isa = XCRemoteSwiftPackageReference;
			repositoryURL = "https://github.com/iwasrobbed/Down";
			requirement = {
				kind = upToNextMajorVersion;
				minimumVersion = 0.9.3;
			};
		};
		79956A5924F3B45300B823E1 /* XCRemoteSwiftPackageReference "KeychainAccess" */ = {
			isa = XCRemoteSwiftPackageReference;
			repositoryURL = "https://github.com/kishikawakatsumi/KeychainAccess";
			requirement = {
				kind = upToNextMajorVersion;
				minimumVersion = 4.2.0;
			};
		};
/* End XCRemoteSwiftPackageReference section */

/* Begin XCSwiftPackageProductDependency section */
		7936F89524D637D800F09AE7 /* Introspect */ = {
			isa = XCSwiftPackageProductDependency;
			package = 7936F89424D637D800F09AE7 /* XCRemoteSwiftPackageReference "SwiftUI-Introspect" */;
			productName = Introspect;
		};
		794D27D824F68FF2006E3B3D /* Down */ = {
			isa = XCSwiftPackageProductDependency;
			package = 794D27D724F68FF2006E3B3D /* XCRemoteSwiftPackageReference "Down" */;
			productName = Down;
		};
		79956A5A24F3B45300B823E1 /* KeychainAccess */ = {
			isa = XCSwiftPackageProductDependency;
			package = 79956A5924F3B45300B823E1 /* XCRemoteSwiftPackageReference "KeychainAccess" */;
			productName = KeychainAccess;
		};
/* End XCSwiftPackageProductDependency section */
	};
	rootObject = 79BC1D1424D16E67008FD16E /* Project object */;
}
